Microsoft Visual Studio Solution File, Format Version 12.00
# Visual Studio 2012
Project("{FAE04EC0-301F-11D3-BF4B-00C04F79EFBC}") = "VoxelTest", "VoxelTest.csproj", "{D083EE55-4F6E-4E81-A0D4-ACEB1D3B0EE5}"
EndProject
Global
	GlobalSection(SolutionConfigurationPlatforms) = preSolution
	Debug|Any CPU = Debug|Any CPU
	ExportDebug|Any CPU = ExportDebug|Any CPU
	ExportRelease|Any CPU = ExportRelease|Any CPU
	EndGlobalSection
	GlobalSection(ProjectConfigurationPlatforms) = postSolution
		{D083EE55-4F6E-4E81-A0D4-ACEB1D3B0EE5}.Debug|Any CPU.ActiveCfg = Debug|Any CPU
		{D083EE55-4F6E-4E81-A0D4-ACEB1D3B0EE5}.Debug|Any CPU.Build.0 = Debug|Any CPU
		{D083EE55-4F6E-4E81-A0D4-ACEB1D3B0EE5}.ExportDebug|Any CPU.ActiveCfg = ExportDebug|Any CPU
		{D083EE55-4F6E-4E81-A0D4-ACEB1D3B0EE5}.ExportDebug|Any CPU.Build.0 = ExportDebug|Any CPU
		{D083EE55-4F6E-4E81-A0D4-ACEB1D3B0EE5}.ExportRelease|Any CPU.ActiveCfg = ExportRelease|Any CPU
		{D083EE55-4F6E-4E81-A0D4-ACEB1D3B0EE5}.ExportRelease|Any CPU.Build.0 = ExportRelease|Any CPU
	EndGlobalSection
EndGlobal
